
Microsoft Visual Studio Solution File, Format Version 12.00
# Visual Studio Version 17
VisualStudioVersion = 17.4.33213.308
MinimumVisualStudioVersion = 10.0.40219.1
Project("{FAE04EC0-301F-11D3-BF4B-00C04F79EFBC}") = "ActividadColisiones", "ActividadColisiones.csproj", "{D5DAE316-4CDF-4CFA-8FE3-63BB5F30D341}"
EndProject
Global
	GlobalSection(SolutionConfigurationPlatforms) = preSolution
		Debug|Any CPU = Debug|Any CPU
		Release|Any CPU = Release|Any CPU
	EndGlobalSection
	GlobalSection(ProjectConfigurationPlatforms) = postSolution
		{D5DAE316-4CDF-4CFA-8FE3-63BB5F30D341}.Debug|Any CPU.ActiveCfg = Debug|Any CPU
		{D5DAE316-4CDF-4CFA-8FE3-63BB5F30D341}.Debug|Any CPU.Build.0 = Debug|Any CPU
		{D5DAE316-4CDF-4CFA-8FE3-63BB5F30D341}.Release|Any CPU.ActiveCfg = Release|Any CPU
		{D5DAE316-4CDF-4CFA-8FE3-63BB5F30D341}.Release|Any CPU.Build.0 = Release|Any CPU
	EndGlobalSection
	GlobalSection(SolutionProperties) = preSolution
		HideSolutionNode = FALSE
	EndGlobalSection
	GlobalSection(ExtensibilityGlobals) = postSolution
		SolutionGuid = {EB05808A-F8B0-4354-823D-EE345E98E1D0}
	EndGlobalSection
EndGlobal
